<?xml version="1.0" encoding="utf-8"?>
<Project ToolsVersion="4.0" xmlns="http://schemas.microsoft.com/developer/msbuild/2003">
  <ItemGroup>
    <ClCompile Include="Main.cpp" />
    <ClCompile Include="stdafx.cpp" />
    <ClCompile Include="Core\MainPage.cpp" />
    <ClCompile Include="2231_DigitGenerator\DigitGenerator.cpp" />
    <ClCompile Include="2557_HelloWorld\HelloWorld.cpp" />
    <ClCompile Include="2798_BlackJack\BlackJack.cpp" />
    <ClCompile Include="1260_DFSBFS\DFSBFS.cpp" />
    <ClCompile Include="2606_Virus\Virus.cpp" />
    <ClCompile Include="2667_Apt\Apt.cpp" />
    <ClCompile Include="1012_Cabbage\Cabbage.cpp" />
    <ClCompile Include="11724_ConnectedComponent\ConnectedComponent.cpp" />
    <ClCompile Include="10026_RGColorBlind\RGColorBlind.cpp" />
    <ClCompile Include="4963_IslandNum\IslandNum.cpp" />
    <ClCompile Include="2468_SafeZone\SafeZone.cpp" />
    <ClCompile Include="11725_FindParent\FindParent.cpp" />
    <ClCompile Include="1987_Alphabet\Alphabet.cpp" />
    <ClCompile Include="2583_FindArea\FindArea.cpp" />
    <ClCompile Include="2644_FamilyTree\FamilyTree.cpp" />
  </ItemGroup>
  <ItemGroup>
    <ClInclude Include="stdafx.h" />
    <ClInclude Include="Core\Question.h" />
    <ClInclude Include="Core\MainPage.h" />
    <ClInclude Include="2231_DigitGenerator\DigitGenerator.h" />
    <ClInclude Include="2557_HelloWorld\HelloWorld.h" />
    <ClInclude Include="2798_BlackJack\BlackJack.h" />
    <ClInclude Include="1260_DFSBFS\DFSBFS.h" />
    <ClInclude Include="2606_Virus\Virus.h" />
    <ClInclude Include="2667_Apt\Apt.h" />
    <ClInclude Include="1012_Cabbage\Cabbage.h" />
    <ClInclude Include="11724_ConnectedComponent\ConnectedComponent.h" />
    <ClInclude Include="10026_RGColorBlind\RGColorBlind.h" />
    <ClInclude Include="4963_IslandNum\IslandNum.h" />
    <ClInclude Include="2468_SafeZone\SafeZone.h" />
    <ClInclude Include="11725_FindParent\FindParent.h" />
    <ClInclude Include="1987_Alphabet\Alphabet.h" />
    <ClInclude Include="2583_FindArea\FindArea.h" />
    <ClInclude Include="2644_FamilyTree\FamilyTree.h" />
  </ItemGroup>
</Project>